// !$*UTF8*$!
{
	archiveVersion = 1;
	classes = {
	};
	objectVersion = 56;
	objects = {

/* Begin PBXBuildFile section */
		87AA804B2F6C999900764884 /* BackendClient.swift in Sources */ = {isa = PBXBuildFile; fileRef = 87AA80492F6C999900764884 /* BackendClient.swift */; };
		87AA804C2F6C999900764884 /* KeyReportExporter.swift in Sources */ = {isa = PBXBuildFile; fileRef = 87AA804A2F6C999900764884 /* KeyReportExporter.swift */; };
		87AA804E2F6C99AA00764884 /* TapDotPlotView.swift in Sources */ = {isa = PBXBuildFile; fileRef = 87AA804D2F6C99AA00764884 /* TapDotPlotView.swift */; };
		AA000000000000000000001 /* TypingResearchApp.swift in Sources */ = {isa = PBXBuildFile; fileRef = BB000000000000000000001 /* TypingResearchApp.swift */; };
		AA000000000000000000002 /* Models.swift in Sources */ = {isa = PBXBuildFile; fileRef = BB000000000000000000002 /* Models.swift */; };
		AA000000000000000000003 /* SessionManager.swift in Sources */ = {isa = PBXBuildFile; fileRef = BB000000000000000000003 /* SessionManager.swift */; };
		AA000000000000000000004 /* ParticipantSetupView.swift in Sources */ = {isa = PBXBuildFile; fileRef = BB000000000000000000004 /* ParticipantSetupView.swift */; };
		AA000000000000000000005 /* SessionView.swift in Sources */ = {isa = PBXBuildFile; fileRef = BB000000000000000000005 /* SessionView.swift */; };
		AA000000000000000000006 /* TrialView.swift in Sources */ = {isa = PBXBuildFile; fileRef = BB000000000000000000006 /* TrialView.swift */; };
		AA000000000000000000007 /* LoggingTextField.swift in Sources */ = {isa = PBXBuildFile; fileRef = BB000000000000000000007 /* LoggingTextField.swift */; };
		AA000000000000000000008 /* DataExporter.swift in Sources */ = {isa = PBXBuildFile; fileRef = BB000000000000000000008 /* DataExporter.swift */; };
		AA000000000000000000009 /* Utilities.swift in Sources */ = {isa = PBXBuildFile; fileRef = BB000000000000000000009 /* Utilities.swift */; };
		JJ000000000000000000010 /* CustomKeyboardView.swift in Sources */ = {isa = PBXBuildFile; fileRef = JJ000000000000000000011 /* CustomKeyboardView.swift */; };
/* End PBXBuildFile section */

/* Begin PBXFileReference section */
		87AA80492F6C999900764884 /* BackendClient.swift */ = {isa = PBXFileReference; lastKnownFileType = sourcecode.swift; path = BackendClient.swift; sourceTree = "<group>"; };
		87AA804A2F6C999900764884 /* KeyReportExporter.swift */ = {isa = PBXFileReference; lastKnownFileType = sourcecode.swift; path = KeyReportExporter.swift; sourceTree = "<group>"; };
		87AA804D2F6C99AA00764884 /* TapDotPlotView.swift */ = {isa = PBXFileReference; lastKnownFileType = sourcecode.swift; path = TapDotPlotView.swift; sourceTree = "<group>"; };
		87AA80512F6DB50D00764884 /* Assets.xcassets */ = {isa = PBXFileReference; lastKnownFileType = text; path = Assets.xcassets; sourceTree = "<group>"; };
		BB000000000000000000001 /* TypingResearchApp.swift */ = {isa = PBXFileReference; lastKnownFileType = sourcecode.swift; path = TypingResearchApp.swift; sourceTree = "<group>"; };
		BB000000000000000000002 /* Models.swift */ = {isa = PBXFileReference; lastKnownFileType = sourcecode.swift; path = Models.swift; sourceTree = "<group>"; };
		BB000000000000000000003 /* SessionManager.swift */ = {isa = PBXFileReference; lastKnownFileType = sourcecode.swift; path = SessionManager.swift; sourceTree = "<group>"; };
		BB000000000000000000004 /* ParticipantSetupView.swift */ = {isa = PBXFileReference; lastKnownFileType = sourcecode.swift; path = ParticipantSetupView.swift; sourceTree = "<group>"; };
		BB000000000000000000005 /* SessionView.swift */ = {isa = PBXFileReference; lastKnownFileType = sourcecode.swift; path = SessionView.swift; sourceTree = "<group>"; };
		BB000000000000000000006 /* TrialView.swift */ = {isa = PBXFileReference; lastKnownFileType = sourcecode.swift; path = TrialView.swift; sourceTree = "<group>"; };
		BB000000000000000000007 /* LoggingTextField.swift */ = {isa = PBXFileReference; lastKnownFileType = sourcecode.swift; path = LoggingTextField.swift; sourceTree = "<group>"; };
		BB000000000000000000008 /* DataExporter.swift */ = {isa = PBXFileReference; lastKnownFileType = sourcecode.swift; path = DataExporter.swift; sourceTree = "<group>"; };
		BB000000000000000000009 /* Utilities.swift */ = {isa = PBXFileReference; lastKnownFileType = sourcecode.swift; path = Utilities.swift; sourceTree = "<group>"; };
		BB000000000000000000099 /* TypingResearch.app */ = {isa = PBXFileReference; explicitFileType = wrapper.application; includeInIndex = 0; path = TypingResearch.app; sourceTree = BUILT_PRODUCTS_DIR; };
		JJ000000000000000000011 /* CustomKeyboardView.swift */ = {isa = PBXFileReference; lastKnownFileType = sourcecode.swift; path = CustomKeyboardView.swift; sourceTree = "<group>"; };
/* End PBXFileReference section */

/* Begin PBXFrameworksBuildPhase section */
		CC000000000000000000001 /* Frameworks */ = {
			isa = PBXFrameworksBuildPhase;
			buildActionMask = 2147483647;
			files = (
			);
			runOnlyForDeploymentPostprocessing = 0;
		};
/* End PBXFrameworksBuildPhase section */

/* Begin PBXGroup section */
		DD000000000000000000001 = {
			isa = PBXGroup;
			children = (
				87AA80512F6DB50D00764884 /* Assets.xcassets */,
				DD000000000000000000002 /* TypingResearch */,
				DD000000000000000000003 /* Products */,
			);
			sourceTree = "<group>";
		};
		DD000000000000000000002 /* TypingResearch */ = {
			isa = PBXGroup;
			children = (
				BB000000000000000000001 /* TypingResearchApp.swift */,
				DD000000000000000000010 /* Models */,
				DD000000000000000000020 /* ViewModels */,
				DD000000000000000000030 /* Views */,
				DD000000000000000000040 /* Services */,
				DD000000000000000000050 /* Utilities */,
			);
			path = TypingResearch;
			sourceTree = "<group>";
		};
		DD000000000000000000003 /* Products */ = {
			isa = PBXGroup;
			children = (
				BB000000000000000000099 /* TypingResearch.app */,
			);
			name = Products;
			sourceTree = "<group>";
		};
		DD000000000000000000010 /* Models */ = {
			isa = PBXGroup;
			children = (
				BB000000000000000000002 /* Models.swift */,
			);
			path = Models;
			sourceTree = "<group>";
		};
		DD000000000000000000020 /* ViewModels */ = {
			isa = PBXGroup;
			children = (
				BB000000000000000000003 /* SessionManager.swift */,
			);
			path = ViewModels;
			sourceTree = "<group>";
		};
		DD000000000000000000030 /* Views */ = {
			isa = PBXGroup;
			children = (
				87AA804D2F6C99AA00764884 /* TapDotPlotView.swift */,
				BB000000000000000000004 /* ParticipantSetupView.swift */,
				BB000000000000000000005 /* SessionView.swift */,
				BB000000000000000000006 /* TrialView.swift */,
				BB000000000000000000007 /* LoggingTextField.swift */,
				JJ000000000000000000011 /* CustomKeyboardView.swift */,
			);
			path = Views;
			sourceTree = "<group>";
		};
		DD000000000000000000040 /* Services */ = {
			isa = PBXGroup;
			children = (
				BB000000000000000000008 /* DataExporter.swift */,
			);
			path = Services;
			sourceTree = "<group>";
		};
		DD000000000000000000050 /* Utilities */ = {
			isa = PBXGroup;
			children = (
				87AA80492F6C999900764884 /* BackendClient.swift */,
				87AA804A2F6C999900764884 /* KeyReportExporter.swift */,
				BB000000000000000000009 /* Utilities.swift */,
			);
			path = Utilities;
			sourceTree = "<group>";
		};
/* End PBXGroup section */

/* Begin PBXNativeTarget section */
		EE000000000000000000001 /* TypingResearch */ = {
			isa = PBXNativeTarget;
			buildConfigurationList = FF000000000000000000001 /* Build configuration list for PBXNativeTarget "TypingResearch" */;
			buildPhases = (
				CC000000000000000000001 /* Frameworks */,
				CC000000000000000000002 /* Sources */,
				CC000000000000000000003 /* Resources */,
			);
			buildRules = (
			);
			dependencies = (
			);
			name = TypingResearch;
			productName = TypingResearch;
			productReference = BB000000000000000000099 /* TypingResearch.app */;
			productType = "com.apple.product-type.application";
		};
/* End PBXNativeTarget section */

/* Begin PBXProject section */
		GG000000000000000000001 /* Project object */ = {
			isa = PBXProject;
			attributes = {
				BuildIndependentTargetsInParallel = 1;
				LastSwiftUpdateCheck = 1500;
				LastUpgradeCheck = 1500;
				TargetAttributes = {
					EE000000000000000000001 = {
						CreatedOnToolsVersion = 15.0;
					};
				};
			};
			buildConfigurationList = FF000000000000000000002 /* Build configuration list for PBXProject "TypingResearch" */;
			compatibilityVersion = "Xcode 14.0";
			developmentRegion = en;
			hasScannedForEncodings = 0;
			knownRegions = (
				en,
				Base,
			);
			mainGroup = DD000000000000000000001;
			productRefGroup = DD000000000000000000003 /* Products */;
			projectDirPath = "";
			projectRoot = "";
			targets = (
				EE000000000000000000001 /* TypingResearch */,
			);
		};
/* End PBXProject section */

/* Begin PBXResourcesBuildPhase section */
		CC000000000000000000003 /* Resources */ = {
			isa = PBXResourcesBuildPhase;
			buildActionMask = 2147483647;
			files = (
			);
			runOnlyForDeploymentPostprocessing = 0;
		};
/* End PBXResourcesBuildPhase section */

/* Begin PBXSourcesBuildPhase section */
		CC000000000000000000002 /* Sources */ = {
			isa = PBXSourcesBuildPhase;
			buildActionMask = 2147483647;
			files = (
				AA000000000000000000001 /* TypingResearchApp.swift in Sources */,
				AA000000000000000000002 /* Models.swift in Sources */,
				87AA804B2F6C999900764884 /* BackendClient.swift in Sources */,
				87AA804C2F6C999900764884 /* KeyReportExporter.swift in Sources */,
				AA000000000000000000003 /* SessionManager.swift in Sources */,
				87AA804E2F6C99AA00764884 /* TapDotPlotView.swift in Sources */,
				AA000000000000000000004 /* ParticipantSetupView.swift in Sources */,
				AA000000000000000000005 /* SessionView.swift in Sources */,
				AA000000000000000000006 /* TrialView.swift in Sources */,
				AA000000000000000000007 /* LoggingTextField.swift in Sources */,
				AA000000000000000000008 /* DataExporter.swift in Sources */,
				AA000000000000000000009 /* Utilities.swift in Sources */,
				JJ000000000000000000010 /* CustomKeyboardView.swift in Sources */,
			);
			runOnlyForDeploymentPostprocessing = 0;
		};
/* End PBXSourcesBuildPhase section */

/* Begin XCBuildConfiguration section */
		HH000000000000000000001 /* Debug */ = {
			isa = XCBuildConfiguration;
			buildSettings = {
				ALWAYS_SEARCH_USER_PATHS = NO;
				ASSETCATALOG_COMPILER_GENERATE_SWIFT_ASSET_SYMBOL_EXTENSIONS = YES;
				CLANG_ANALYZER_NONNULL = YES;
				CLANG_ANALYZER_NUMBER_OBJECT_CONVERSION = YES_AGGRESSIVE;
				CLANG_CXX_LANGUAGE_STANDARD = "gnu++20";
				CLANG_ENABLE_MODULES = YES;
				CLANG_ENABLE_OBJC_ARC = YES;
				CLANG_ENABLE_OBJC_WEAK = YES;
				CLANG_WARN_BLOCK_CAPTURE_AUTORELEASING = YES;
				CLANG_WARN_BOOL_CONVERSION = YES;
				CLANG_WARN_COMMA = YES;
				CLANG_WARN_CONSTANT_CONVERSION = YES;
				CLANG_WARN_DEPRECATED_OBJC_IMPLEMENTATIONS = YES;
				CLANG_WARN_DIRECT_OBJC_ISA_USAGE = YES_ERROR;
				CLANG_WARN_DOCUMENTATION_COMMENTS = YES;
				CLANG_WARN_EMPTY_BODY = YES;
				CLANG_WARN_ENUM_CONVERSION = YES;
				CLANG_WARN_INFINITE_RECURSION = YES;
				CLANG_WARN_INT_CONVERSION = YES;
				CLANG_WARN_NON_LITERAL_NULL_CONVERSION = YES;
				CLANG_WARN_OBJC_IMPLICIT_RETAIN_SELF = YES;
				CLANG_WARN_OBJC_LITERAL_CONVERSION = YES;
				CLANG_WARN_OBJC_ROOT_CLASS = YES_ERROR;
				CLANG_WARN_QUOTED_INCLUDE_IN_FRAMEWORK_HEADER = YES;
				CLANG_WARN_RANGE_LOOP_ANALYSIS = YES;
				CLANG_WARN_STRICT_PROTOTYPES = YES;
				CLANG_WARN_SUSPICIOUS_MOVE = YES;
				CLANG_WARN_UNINITIALIZED = YES;
				CLANG_WARN_UNREACHABLE_CODE = YES;
				CLANG_WARN__DUPLICATE_METHOD_MATCH = YES;
				COPY_PHASE_STRIP = NO;
				DEBUG_INFORMATION_FORMAT = dwarf;
				ENABLE_STRICT_OBJC_MSGSEND = YES;
				ENABLE_TESTABILITY = YES;
				ENABLE_USER_SCRIPT_SANDBOXING = YES;
				GCC_C_LANGUAGE_STANDARD = gnu17;
				GCC_DYNAMIC_NO_PIC = NO;
				GCC_NO_COMMON_BLOCKS = YES;
				GCC_OPTIMIZATION_LEVEL = 0;
				GCC_PREPROCESSOR_DEFINITIONS = (
					"DEBUG=1",
					"$(inherited)",
				);
				GCC_WARN_64_TO_32_BIT_CONVERSION = YES;
				GCC_WARN_ABOUT_RETURN_TYPE = YES_ERROR;
				GCC_WARN_UNDECLARED_SELECTOR = YES;
				GCC_WARN_UNINITIALIZED_AUTOS = YES_AGGRESSIVE;
				GCC_WARN_UNUSED_FUNCTION = YES;
				GCC_WARN_UNUSED_VARIABLE = YES;
				IPHONEOS_DEPLOYMENT_TARGET = 17.0;
				MTL_ENABLE_DEBUG_INFO = INCLUDE_SOURCE;
				MTL_FAST_MATH = YES;
				ONLY_ACTIVE_ARCH = YES;
				SDKROOT = iphoneos;
				SWIFT_ACTIVE_COMPILATION_CONDITIONS = "DEBUG $(inherited)";
				SWIFT_OPTIMIZATION_LEVEL = "-Onone";
			};
			name = Debug;
		};
		HH000000000000000000002 /* Release */ = {
			isa = XCBuildConfiguration;
			buildSettings = {
				ALWAYS_SEARCH_USER_PATHS = NO;
				ASSETCATALOG_COMPILER_GENERATE_SWIFT_ASSET_SYMBOL_EXTENSIONS = YES;
				CLANG_ANALYZER_NONNULL = YES;
				CLANG_ANALYZER_NUMBER_OBJECT_CONVERSION = YES_AGGRESSIVE;
				CLANG_CXX_LANGUAGE_STANDARD = "gnu++20";
				CLANG_ENABLE_MODULES = YES;
				CLANG_ENABLE_OBJC_ARC = YES;
				CLANG_ENABLE_OBJC_WEAK = YES;
				CLANG_WARN_BLOCK_CAPTURE_AUTORELEASING = YES;
				CLANG_WARN_BOOL_CONVERSION = YES;
				CLANG_WARN_COMMA = YES;
				CLANG_WARN_CONSTANT_CONVERSION = YES;
				CLANG_WARN_DEPRECATED_OBJC_IMPLEMENTATIONS = YES;
				CLANG_WARN_DIRECT_OBJC_ISA_USAGE = YES_ERROR;
				CLANG_WARN_DOCUMENTATION_COMMENTS = YES;
				CLANG_WARN_EMPTY_BODY = YES;
				CLANG_WARN_ENUM_CONVERSION = YES;
				CLANG_WARN_INFINITE_RECURSION = YES;
				CLANG_WARN_INT_CONVERSION = YES;
				CLANG_WARN_NON_LITERAL_NULL_CONVERSION = YES;
				CLANG_WARN_OBJC_IMPLICIT_RETAIN_SELF = YES;
				CLANG_WARN_OBJC_LITERAL_CONVERSION = YES;
				CLANG_WARN_OBJC_ROOT_CLASS = YES_ERROR;
				CLANG_WARN_QUOTED_INCLUDE_IN_FRAMEWORK_HEADER = YES;
				CLANG_WARN_RANGE_LOOP_ANALYSIS = YES;
				CLANG_WARN_STRICT_PROTOTYPES = YES;
				CLANG_WARN_SUSPICIOUS_MOVE = YES;
				CLANG_WARN_UNINITIALIZED = YES;
				CLANG_WARN_UNREACHABLE_CODE = YES;
				CLANG_WARN__DUPLICATE_METHOD_MATCH = YES;
				COPY_PHASE_STRIP = NO;
				DEBUG_INFORMATION_FORMAT = "dwarf-with-dsym";
				ENABLE_NS_ASSERTIONS = NO;
				ENABLE_STRICT_OBJC_MSGSEND = YES;
				ENABLE_USER_SCRIPT_SANDBOXING = YES;
				GCC_C_LANGUAGE_STANDARD = gnu17;
				GCC_NO_COMMON_BLOCKS = YES;
				GCC_WARN_64_TO_32_BIT_CONVERSION = YES;
				GCC_WARN_ABOUT_RETURN_TYPE = YES_ERROR;
				GCC_WARN_UNDECLARED_SELECTOR = YES;
				GCC_WARN_UNINITIALIZED_AUTOS = YES_AGGRESSIVE;
				GCC_WARN_UNUSED_FUNCTION = YES;
				GCC_WARN_UNUSED_VARIABLE = YES;
				IPHONEOS_DEPLOYMENT_TARGET = 17.0;
				MTL_FAST_MATH = YES;
				SDKROOT = iphoneos;
				SWIFT_COMPILATION_MODE = wholemodule;
			};
			name = Release;
		};
		HH000000000000000000003 /* Debug */ = {
			isa = XCBuildConfiguration;
			buildSettings = {
				ASSETCATALOG_COMPILER_APPICON_NAME = AppIcon;
				ASSETCATALOG_COMPILER_GLOBAL_ACCENT_COLOR_NAME = AccentColor;
				ASSETCATALOG_COMPILER_INCLUDE_ALL_APPICON_ASSETS = NO;
				CODE_SIGN_STYLE = Automatic;
				CURRENT_PROJECT_VERSION = 1;
				DEVELOPMENT_TEAM = 55A7CXN98C;
				GENERATE_INFOPLIST_FILE = YES;
				INFOPLIST_KEY_UIApplicationSceneManifest_Generation = YES;
				INFOPLIST_KEY_UIApplicationSupportsIndirectInputEvents = YES;
				INFOPLIST_KEY_UILaunchScreen_Generation = YES;
				INFOPLIST_KEY_UILaunchStoryboardName = "";
				INFOPLIST_KEY_UISupportedInterfaceOrientations_iPhone = UIInterfaceOrientationPortrait;
				LD_RUNPATH_SEARCH_PATHS = (
					"$(inherited)",
					"@executable_path/Frameworks",
				);
				MARKETING_VERSION = 1.0;
				PRODUCT_BUNDLE_IDENTIFIER = com.trantran.typingresearch;
				PRODUCT_NAME = "$(TARGET_NAME)";
				SWIFT_EMIT_LOC_STRINGS = YES;
				SWIFT_VERSION = 5.0;
				TARGETED_DEVICE_FAMILY = 1;
			};
			name = Debug;
		};
		HH000000000000000000004 /* Release */ = {
			isa = XCBuildConfiguration;
			buildSettings = {
				ASSETCATALOG_COMPILER_APPICON_NAME = AppIcon;
				ASSETCATALOG_COMPILER_GLOBAL_ACCENT_COLOR_NAME = AccentColor;
				ASSETCATALOG_COMPILER_INCLUDE_ALL_APPICON_ASSETS = NO;
				CODE_SIGN_STYLE = Automatic;
				CURRENT_PROJECT_VERSION = 1;
				DEVELOPMENT_TEAM = 55A7CXN98C;
				GENERATE_INFOPLIST_FILE = YES;
				INFOPLIST_KEY_UIApplicationSceneManifest_Generation = YES;
				INFOPLIST_KEY_UIApplicationSupportsIndirectInputEvents = YES;
				INFOPLIST_KEY_UILaunchScreen_Generation = YES;
				INFOPLIST_KEY_UILaunchStoryboardName = "";
				INFOPLIST_KEY_UISupportedInterfaceOrientations_iPhone = UIInterfaceOrientationPortrait;
				LD_RUNPATH_SEARCH_PATHS = (
					"$(inherited)",
					"@executable_path/Frameworks",
				);
				MARKETING_VERSION = 1.0;
				PRODUCT_BUNDLE_IDENTIFIER = com.trantran.typingresearch;
				PRODUCT_NAME = "$(TARGET_NAME)";
				SWIFT_EMIT_LOC_STRINGS = YES;
				SWIFT_VERSION = 5.0;
				TARGETED_DEVICE_FAMILY = 1;
			};
			name = Release;
		};
/* End XCBuildConfiguration section */

/* Begin XCConfigurationList section */
		FF000000000000000000001 /* Build configuration list for PBXNativeTarget "TypingResearch" */ = {
			isa = XCConfigurationList;
			buildConfigurations = (
				HH000000000000000000003 /* Debug */,
				HH000000000000000000004 /* Release */,
			);
			defaultConfigurationIsVisible = 0;
			defaultConfigurationName = Release;
		};
		FF000000000000000000002 /* Build configuration list for PBXProject "TypingResearch" */ = {
			isa = XCConfigurationList;
			buildConfigurations = (
				HH000000000000000000001 /* Debug */,
				HH000000000000000000002 /* Release */,
			);
			defaultConfigurationIsVisible = 0;
			defaultConfigurationName = Release;
		};
/* End XCConfigurationList section */
	};
	rootObject = GG000000000000000000001 /* Project object */;
}
